
Microsoft Visual Studio Solution File, Format Version 12.00
# Visual Studio Version 17
VisualStudioVersion = 17.4.33213.308
MinimumVisualStudioVersion = 10.0.40219.1
Project("{FAE04EC0-301F-11D3-BF4B-00C04F79EFBC}") = "SetFarsiFontVazir", "SetFarsiFontVazir.csproj", "{886FB53B-C1AE-4F80-A284-369D9C67C2E2}"
EndProject
Global
	GlobalSection(SolutionConfigurationPlatforms) = preSolution
		Debug|Any CPU = Debug|Any CPU
		Release|Any CPU = Release|Any CPU
	EndGlobalSection
	GlobalSection(ProjectConfigurationPlatforms) = postSolution
		{886FB53B-C1AE-4F80-A284-369D9C67C2E2}.Debug|Any CPU.ActiveCfg = Debug|Any CPU
		{886FB53B-C1AE-4F80-A284-369D9C67C2E2}.Debug|Any CPU.Build.0 = Debug|Any CPU
		{886FB53B-C1AE-4F80-A284-369D9C67C2E2}.Release|Any CPU.ActiveCfg = Release|Any CPU
		{886FB53B-C1AE-4F80-A284-369D9C67C2E2}.Release|Any CPU.Build.0 = Release|Any CPU
	EndGlobalSection
	GlobalSection(SolutionProperties) = preSolution
		HideSolutionNode = FALSE
	EndGlobalSection
	GlobalSection(ExtensibilityGlobals) = postSolution
		SolutionGuid = {74B42815-8A74-4BA8-B1C3-B607E5B31BA2}
	EndGlobalSection
EndGlobal
